
Microsoft Visual Studio Solution File, Format Version 12.00
Project("{FAE04EC0-301F-11D3-BF4B-00C04F79EFBC}") = "Show", "Show\Show.csproj", "{995E97F5-3C45-424F-A969-3142C3D23FE2}"
EndProject
Global
	GlobalSection(SolutionConfigurationPlatforms) = preSolution
		Debug|Any CPU = Debug|Any CPU
		Release|Any CPU = Release|Any CPU
	EndGlobalSection
	GlobalSection(ProjectConfigurationPlatforms) = postSolution
		{995E97F5-3C45-424F-A969-3142C3D23FE2}.Debug|Any CPU.ActiveCfg = Debug|Any CPU
		{995E97F5-3C45-424F-A969-3142C3D23FE2}.Debug|Any CPU.Build.0 = Debug|Any CPU
		{995E97F5-3C45-424F-A969-3142C3D23FE2}.Release|Any CPU.ActiveCfg = Release|Any CPU
		{995E97F5-3C45-424F-A969-3142C3D23FE2}.Release|Any CPU.Build.0 = Release|Any CPU
	EndGlobalSection
EndGlobal
