
Microsoft Visual Studio Solution File, Format Version 12.00
Project("{FAE04EC0-301F-11D3-BF4B-00C04F79EFBC}") = "Show", "Show.csproj", "{BA48A867-A408-43F5-9B80-B7CEE5A39FEA}"
EndProject
Global
	GlobalSection(SolutionConfigurationPlatforms) = preSolution
		Debug|Any CPU = Debug|Any CPU
		Release|Any CPU = Release|Any CPU
	EndGlobalSection
	GlobalSection(ProjectConfigurationPlatforms) = postSolution
		{BA48A867-A408-43F5-9B80-B7CEE5A39FEA}.Debug|Any CPU.ActiveCfg = Debug|Any CPU
		{BA48A867-A408-43F5-9B80-B7CEE5A39FEA}.Debug|Any CPU.Build.0 = Debug|Any CPU
		{BA48A867-A408-43F5-9B80-B7CEE5A39FEA}.Release|Any CPU.ActiveCfg = Release|Any CPU
		{BA48A867-A408-43F5-9B80-B7CEE5A39FEA}.Release|Any CPU.Build.0 = Release|Any CPU
	EndGlobalSection
EndGlobal
