
Microsoft Visual Studio Solution File, Format Version 12.00
Project("{FAE04EC0-301F-11D3-BF4B-00C04F79EFBC}") = "Show1", "Show1\Show1.csproj", "{57D05EB7-18A5-4E28-91D7-D4BB23BB51FF}"
EndProject
Global
	GlobalSection(SolutionConfigurationPlatforms) = preSolution
		Debug|Any CPU = Debug|Any CPU
		Release|Any CPU = Release|Any CPU
	EndGlobalSection
	GlobalSection(ProjectConfigurationPlatforms) = postSolution
		{57D05EB7-18A5-4E28-91D7-D4BB23BB51FF}.Debug|Any CPU.ActiveCfg = Debug|Any CPU
		{57D05EB7-18A5-4E28-91D7-D4BB23BB51FF}.Debug|Any CPU.Build.0 = Debug|Any CPU
		{57D05EB7-18A5-4E28-91D7-D4BB23BB51FF}.Release|Any CPU.ActiveCfg = Release|Any CPU
		{57D05EB7-18A5-4E28-91D7-D4BB23BB51FF}.Release|Any CPU.Build.0 = Release|Any CPU
	EndGlobalSection
EndGlobal
