
Microsoft Visual Studio Solution File, Format Version 12.00
Project("{FAE04EC0-301F-11D3-BF4B-00C04F79EFBC}") = "Show", "Show\Show.csproj", "{BCC2394F-D16B-4FD4-8A4A-6B30727C0094}"
EndProject
Global
	GlobalSection(SolutionConfigurationPlatforms) = preSolution
		Debug|Any CPU = Debug|Any CPU
		Release|Any CPU = Release|Any CPU
	EndGlobalSection
	GlobalSection(ProjectConfigurationPlatforms) = postSolution
		{BCC2394F-D16B-4FD4-8A4A-6B30727C0094}.Debug|Any CPU.ActiveCfg = Debug|Any CPU
		{BCC2394F-D16B-4FD4-8A4A-6B30727C0094}.Debug|Any CPU.Build.0 = Debug|Any CPU
		{BCC2394F-D16B-4FD4-8A4A-6B30727C0094}.Release|Any CPU.ActiveCfg = Release|Any CPU
		{BCC2394F-D16B-4FD4-8A4A-6B30727C0094}.Release|Any CPU.Build.0 = Release|Any CPU
	EndGlobalSection
EndGlobal
