
Microsoft Visual Studio Solution File, Format Version 12.00
Project("{FAE04EC0-301F-11D3-BF4B-00C04F79EFBC}") = "Show", "Show\Show.csproj", "{518B9585-95E0-49E1-8353-7A4140805C84}"
EndProject
Global
	GlobalSection(SolutionConfigurationPlatforms) = preSolution
		Debug|Any CPU = Debug|Any CPU
		Release|Any CPU = Release|Any CPU
	EndGlobalSection
	GlobalSection(ProjectConfigurationPlatforms) = postSolution
		{518B9585-95E0-49E1-8353-7A4140805C84}.Debug|Any CPU.ActiveCfg = Debug|Any CPU
		{518B9585-95E0-49E1-8353-7A4140805C84}.Debug|Any CPU.Build.0 = Debug|Any CPU
		{518B9585-95E0-49E1-8353-7A4140805C84}.Release|Any CPU.ActiveCfg = Release|Any CPU
		{518B9585-95E0-49E1-8353-7A4140805C84}.Release|Any CPU.Build.0 = Release|Any CPU
	EndGlobalSection
EndGlobal
