
Microsoft Visual Studio Solution File, Format Version 12.00
Project("{FAE04EC0-301F-11D3-BF4B-00C04F79EFBC}") = "Show", "Show\Show.csproj", "{E53771E0-C078-4E83-84B5-76CD3627FA4B}"
EndProject
Global
	GlobalSection(SolutionConfigurationPlatforms) = preSolution
		Debug|Any CPU = Debug|Any CPU
		Release|Any CPU = Release|Any CPU
	EndGlobalSection
	GlobalSection(ProjectConfigurationPlatforms) = postSolution
		{E53771E0-C078-4E83-84B5-76CD3627FA4B}.Debug|Any CPU.ActiveCfg = Debug|Any CPU
		{E53771E0-C078-4E83-84B5-76CD3627FA4B}.Debug|Any CPU.Build.0 = Debug|Any CPU
		{E53771E0-C078-4E83-84B5-76CD3627FA4B}.Release|Any CPU.ActiveCfg = Release|Any CPU
		{E53771E0-C078-4E83-84B5-76CD3627FA4B}.Release|Any CPU.Build.0 = Release|Any CPU
	EndGlobalSection
EndGlobal
