
Microsoft Visual Studio Solution File, Format Version 12.00
Project("{FAE04EC0-301F-11D3-BF4B-00C04F79EFBC}") = "Show", "Show\Show.csproj", "{F5E053B9-DCFB-4864-8468-681BCF7E7D8D}"
EndProject
Global
	GlobalSection(SolutionConfigurationPlatforms) = preSolution
		Debug|Any CPU = Debug|Any CPU
		Release|Any CPU = Release|Any CPU
	EndGlobalSection
	GlobalSection(ProjectConfigurationPlatforms) = postSolution
		{F5E053B9-DCFB-4864-8468-681BCF7E7D8D}.Debug|Any CPU.ActiveCfg = Debug|Any CPU
		{F5E053B9-DCFB-4864-8468-681BCF7E7D8D}.Debug|Any CPU.Build.0 = Debug|Any CPU
		{F5E053B9-DCFB-4864-8468-681BCF7E7D8D}.Release|Any CPU.ActiveCfg = Release|Any CPU
		{F5E053B9-DCFB-4864-8468-681BCF7E7D8D}.Release|Any CPU.Build.0 = Release|Any CPU
	EndGlobalSection
EndGlobal
