
Microsoft Visual Studio Solution File, Format Version 12.00
Project("{FAE04EC0-301F-11D3-BF4B-00C04F79EFBC}") = "Factory", "Factory.csproj", "{6917F945-A50E-41A8-849B-2091257DC1BA}"
EndProject
Global
	GlobalSection(SolutionConfigurationPlatforms) = preSolution
		Debug|Any CPU = Debug|Any CPU
		Release|Any CPU = Release|Any CPU
	EndGlobalSection
	GlobalSection(ProjectConfigurationPlatforms) = postSolution
		{6917F945-A50E-41A8-849B-2091257DC1BA}.Debug|Any CPU.ActiveCfg = Debug|Any CPU
		{6917F945-A50E-41A8-849B-2091257DC1BA}.Debug|Any CPU.Build.0 = Debug|Any CPU
		{6917F945-A50E-41A8-849B-2091257DC1BA}.Release|Any CPU.ActiveCfg = Release|Any CPU
		{6917F945-A50E-41A8-849B-2091257DC1BA}.Release|Any CPU.Build.0 = Release|Any CPU
	EndGlobalSection
EndGlobal
