
Microsoft Visual Studio Solution File, Format Version 12.00
Project("{FAE04EC0-301F-11D3-BF4B-00C04F79EFBC}") = "Show", "Show\Show.csproj", "{56E89A6C-C32D-40E5-B9DE-BC1C318C84C6}"
EndProject
Global
	GlobalSection(SolutionConfigurationPlatforms) = preSolution
		Debug|Any CPU = Debug|Any CPU
		Release|Any CPU = Release|Any CPU
	EndGlobalSection
	GlobalSection(ProjectConfigurationPlatforms) = postSolution
		{56E89A6C-C32D-40E5-B9DE-BC1C318C84C6}.Debug|Any CPU.ActiveCfg = Debug|Any CPU
		{56E89A6C-C32D-40E5-B9DE-BC1C318C84C6}.Debug|Any CPU.Build.0 = Debug|Any CPU
		{56E89A6C-C32D-40E5-B9DE-BC1C318C84C6}.Release|Any CPU.ActiveCfg = Release|Any CPU
		{56E89A6C-C32D-40E5-B9DE-BC1C318C84C6}.Release|Any CPU.Build.0 = Release|Any CPU
	EndGlobalSection
EndGlobal
