
Microsoft Visual Studio Solution File, Format Version 12.00
Project("{FAE04EC0-301F-11D3-BF4B-00C04F79EFBC}") = "Obserserver", "Obserserver\Obserserver.csproj", "{FCEFAFA3-C84A-4122-B54F-10D550661C4E}"
EndProject
Global
	GlobalSection(SolutionConfigurationPlatforms) = preSolution
		Debug|Any CPU = Debug|Any CPU
		Release|Any CPU = Release|Any CPU
	EndGlobalSection
	GlobalSection(ProjectConfigurationPlatforms) = postSolution
		{FCEFAFA3-C84A-4122-B54F-10D550661C4E}.Debug|Any CPU.ActiveCfg = Debug|Any CPU
		{FCEFAFA3-C84A-4122-B54F-10D550661C4E}.Debug|Any CPU.Build.0 = Debug|Any CPU
		{FCEFAFA3-C84A-4122-B54F-10D550661C4E}.Release|Any CPU.ActiveCfg = Release|Any CPU
		{FCEFAFA3-C84A-4122-B54F-10D550661C4E}.Release|Any CPU.Build.0 = Release|Any CPU
	EndGlobalSection
EndGlobal
