
Microsoft Visual Studio Solution File, Format Version 12.00
Project("{FAE04EC0-301F-11D3-BF4B-00C04F79EFBC}") = "Factory", "Factory\Factory.csproj", "{7644D450-F5CE-41A6-A510-1577F5D1C96D}"
EndProject
Global
	GlobalSection(SolutionConfigurationPlatforms) = preSolution
		Debug|Any CPU = Debug|Any CPU
		Release|Any CPU = Release|Any CPU
	EndGlobalSection
	GlobalSection(ProjectConfigurationPlatforms) = postSolution
		{7644D450-F5CE-41A6-A510-1577F5D1C96D}.Debug|Any CPU.ActiveCfg = Debug|Any CPU
		{7644D450-F5CE-41A6-A510-1577F5D1C96D}.Debug|Any CPU.Build.0 = Debug|Any CPU
		{7644D450-F5CE-41A6-A510-1577F5D1C96D}.Release|Any CPU.ActiveCfg = Release|Any CPU
		{7644D450-F5CE-41A6-A510-1577F5D1C96D}.Release|Any CPU.Build.0 = Release|Any CPU
	EndGlobalSection
EndGlobal
