
Microsoft Visual Studio Solution File, Format Version 12.00
Project("{FAE04EC0-301F-11D3-BF4B-00C04F79EFBC}") = "Memento", "Memento\Memento.csproj", "{801D60AF-CF51-4F01-A1C6-8B9A236AA6F2}"
EndProject
Global
	GlobalSection(SolutionConfigurationPlatforms) = preSolution
		Debug|Any CPU = Debug|Any CPU
		Release|Any CPU = Release|Any CPU
	EndGlobalSection
	GlobalSection(ProjectConfigurationPlatforms) = postSolution
		{801D60AF-CF51-4F01-A1C6-8B9A236AA6F2}.Debug|Any CPU.ActiveCfg = Debug|Any CPU
		{801D60AF-CF51-4F01-A1C6-8B9A236AA6F2}.Debug|Any CPU.Build.0 = Debug|Any CPU
		{801D60AF-CF51-4F01-A1C6-8B9A236AA6F2}.Release|Any CPU.ActiveCfg = Release|Any CPU
		{801D60AF-CF51-4F01-A1C6-8B9A236AA6F2}.Release|Any CPU.Build.0 = Release|Any CPU
	EndGlobalSection
EndGlobal
