
Microsoft Visual Studio Solution File, Format Version 12.00
Project("{FAE04EC0-301F-11D3-BF4B-00C04F79EFBC}") = "Builder", "Builder\Builder.csproj", "{BC044779-EAF8-4921-9629-BC5C7A048C5A}"
EndProject
Global
	GlobalSection(SolutionConfigurationPlatforms) = preSolution
		Debug|Any CPU = Debug|Any CPU
		Release|Any CPU = Release|Any CPU
	EndGlobalSection
	GlobalSection(ProjectConfigurationPlatforms) = postSolution
		{BC044779-EAF8-4921-9629-BC5C7A048C5A}.Debug|Any CPU.ActiveCfg = Debug|Any CPU
		{BC044779-EAF8-4921-9629-BC5C7A048C5A}.Debug|Any CPU.Build.0 = Debug|Any CPU
		{BC044779-EAF8-4921-9629-BC5C7A048C5A}.Release|Any CPU.ActiveCfg = Release|Any CPU
		{BC044779-EAF8-4921-9629-BC5C7A048C5A}.Release|Any CPU.Build.0 = Release|Any CPU
	EndGlobalSection
EndGlobal
