
Microsoft Visual Studio Solution File, Format Version 12.00
Project("{FAE04EC0-301F-11D3-BF4B-00C04F79EFBC}") = "Show", "Show\Show.csproj", "{6E807A68-3767-4BA2-A930-B8FFAFE14221}"
EndProject
Global
	GlobalSection(SolutionConfigurationPlatforms) = preSolution
		Debug|Any CPU = Debug|Any CPU
		Release|Any CPU = Release|Any CPU
	EndGlobalSection
	GlobalSection(ProjectConfigurationPlatforms) = postSolution
		{6E807A68-3767-4BA2-A930-B8FFAFE14221}.Debug|Any CPU.ActiveCfg = Debug|Any CPU
		{6E807A68-3767-4BA2-A930-B8FFAFE14221}.Debug|Any CPU.Build.0 = Debug|Any CPU
		{6E807A68-3767-4BA2-A930-B8FFAFE14221}.Release|Any CPU.ActiveCfg = Release|Any CPU
		{6E807A68-3767-4BA2-A930-B8FFAFE14221}.Release|Any CPU.Build.0 = Release|Any CPU
	EndGlobalSection
EndGlobal
