
Microsoft Visual Studio Solution File, Format Version 12.00
Project("{FAE04EC0-301F-11D3-BF4B-00C04F79EFBC}") = "Progam", "Progam.csproj", "{05826A8B-D269-4454-84FC-21DDD03925AF}"
EndProject
Global
	GlobalSection(SolutionConfigurationPlatforms) = preSolution
		Debug|Any CPU = Debug|Any CPU
		Release|Any CPU = Release|Any CPU
	EndGlobalSection
	GlobalSection(ProjectConfigurationPlatforms) = postSolution
		{05826A8B-D269-4454-84FC-21DDD03925AF}.Debug|Any CPU.ActiveCfg = Debug|Any CPU
		{05826A8B-D269-4454-84FC-21DDD03925AF}.Debug|Any CPU.Build.0 = Debug|Any CPU
		{05826A8B-D269-4454-84FC-21DDD03925AF}.Release|Any CPU.ActiveCfg = Release|Any CPU
		{05826A8B-D269-4454-84FC-21DDD03925AF}.Release|Any CPU.Build.0 = Release|Any CPU
	EndGlobalSection
EndGlobal
