
Microsoft Visual Studio Solution File, Format Version 12.00
Project("{FAE04EC0-301F-11D3-BF4B-00C04F79EFBC}") = "Show", "Show\Show.csproj", "{CAA78C5E-CCC9-4686-A07E-636199CD4E1D}"
EndProject
Global
	GlobalSection(SolutionConfigurationPlatforms) = preSolution
		Debug|Any CPU = Debug|Any CPU
		Release|Any CPU = Release|Any CPU
	EndGlobalSection
	GlobalSection(ProjectConfigurationPlatforms) = postSolution
		{CAA78C5E-CCC9-4686-A07E-636199CD4E1D}.Debug|Any CPU.ActiveCfg = Debug|Any CPU
		{CAA78C5E-CCC9-4686-A07E-636199CD4E1D}.Debug|Any CPU.Build.0 = Debug|Any CPU
		{CAA78C5E-CCC9-4686-A07E-636199CD4E1D}.Release|Any CPU.ActiveCfg = Release|Any CPU
		{CAA78C5E-CCC9-4686-A07E-636199CD4E1D}.Release|Any CPU.Build.0 = Release|Any CPU
	EndGlobalSection
EndGlobal
