
Microsoft Visual Studio Solution File, Format Version 12.00
Project("{FAE04EC0-301F-11D3-BF4B-00C04F79EFBC}") = "Show", "Show.csproj", "{0FB7ABDE-605A-4EB1-B329-FF952018A8EF}"
EndProject
Global
	GlobalSection(SolutionConfigurationPlatforms) = preSolution
		Debug|Any CPU = Debug|Any CPU
		Release|Any CPU = Release|Any CPU
	EndGlobalSection
	GlobalSection(ProjectConfigurationPlatforms) = postSolution
		{0FB7ABDE-605A-4EB1-B329-FF952018A8EF}.Debug|Any CPU.ActiveCfg = Debug|Any CPU
		{0FB7ABDE-605A-4EB1-B329-FF952018A8EF}.Debug|Any CPU.Build.0 = Debug|Any CPU
		{0FB7ABDE-605A-4EB1-B329-FF952018A8EF}.Release|Any CPU.ActiveCfg = Release|Any CPU
		{0FB7ABDE-605A-4EB1-B329-FF952018A8EF}.Release|Any CPU.Build.0 = Release|Any CPU
	EndGlobalSection
EndGlobal
