
Microsoft Visual Studio Solution File, Format Version 12.00
Project("{FAE04EC0-301F-11D3-BF4B-00C04F79EFBC}") = "Show1", "Show1\Show1.csproj", "{6500083D-AECC-4B43-BEE9-7C0F1D9EFCEB}"
EndProject
Global
	GlobalSection(SolutionConfigurationPlatforms) = preSolution
		Debug|Any CPU = Debug|Any CPU
		Release|Any CPU = Release|Any CPU
	EndGlobalSection
	GlobalSection(ProjectConfigurationPlatforms) = postSolution
		{6500083D-AECC-4B43-BEE9-7C0F1D9EFCEB}.Debug|Any CPU.ActiveCfg = Debug|Any CPU
		{6500083D-AECC-4B43-BEE9-7C0F1D9EFCEB}.Debug|Any CPU.Build.0 = Debug|Any CPU
		{6500083D-AECC-4B43-BEE9-7C0F1D9EFCEB}.Release|Any CPU.ActiveCfg = Release|Any CPU
		{6500083D-AECC-4B43-BEE9-7C0F1D9EFCEB}.Release|Any CPU.Build.0 = Release|Any CPU
	EndGlobalSection
EndGlobal
