
Microsoft Visual Studio Solution File, Format Version 12.00
Project("{FAE04EC0-301F-11D3-BF4B-00C04F79EFBC}") = "Example", "Example\Example.csproj", "{C6BB153F-928C-4418-8C73-DF5151D179FF}"
EndProject
Global
	GlobalSection(SolutionConfigurationPlatforms) = preSolution
		Debug|Any CPU = Debug|Any CPU
		Release|Any CPU = Release|Any CPU
	EndGlobalSection
	GlobalSection(ProjectConfigurationPlatforms) = postSolution
		{C6BB153F-928C-4418-8C73-DF5151D179FF}.Debug|Any CPU.ActiveCfg = Debug|Any CPU
		{C6BB153F-928C-4418-8C73-DF5151D179FF}.Debug|Any CPU.Build.0 = Debug|Any CPU
		{C6BB153F-928C-4418-8C73-DF5151D179FF}.Release|Any CPU.ActiveCfg = Release|Any CPU
		{C6BB153F-928C-4418-8C73-DF5151D179FF}.Release|Any CPU.Build.0 = Release|Any CPU
	EndGlobalSection
EndGlobal
