
Microsoft Visual Studio Solution File, Format Version 12.00
Project("{FAE04EC0-301F-11D3-BF4B-00C04F79EFBC}") = "Example", "Example\Example.csproj", "{14CFE57E-41B6-4C1B-A079-31A6B6E7477D}"
EndProject
Global
	GlobalSection(SolutionConfigurationPlatforms) = preSolution
		Debug|Any CPU = Debug|Any CPU
		Release|Any CPU = Release|Any CPU
	EndGlobalSection
	GlobalSection(ProjectConfigurationPlatforms) = postSolution
		{14CFE57E-41B6-4C1B-A079-31A6B6E7477D}.Debug|Any CPU.ActiveCfg = Debug|Any CPU
		{14CFE57E-41B6-4C1B-A079-31A6B6E7477D}.Debug|Any CPU.Build.0 = Debug|Any CPU
		{14CFE57E-41B6-4C1B-A079-31A6B6E7477D}.Release|Any CPU.ActiveCfg = Release|Any CPU
		{14CFE57E-41B6-4C1B-A079-31A6B6E7477D}.Release|Any CPU.Build.0 = Release|Any CPU
	EndGlobalSection
EndGlobal
