
Microsoft Visual Studio Solution File, Format Version 12.00
Project("{FAE04EC0-301F-11D3-BF4B-00C04F79EFBC}") = "FYz", "FYz.csproj", "{F49698AA-1C69-4808-BC2E-A8E8037AE34B}"
EndProject
Global
	GlobalSection(SolutionConfigurationPlatforms) = preSolution
		Debug|Any CPU = Debug|Any CPU
		Release|Any CPU = Release|Any CPU
	EndGlobalSection
	GlobalSection(ProjectConfigurationPlatforms) = postSolution
		{F49698AA-1C69-4808-BC2E-A8E8037AE34B}.Debug|Any CPU.ActiveCfg = Debug|Any CPU
		{F49698AA-1C69-4808-BC2E-A8E8037AE34B}.Debug|Any CPU.Build.0 = Debug|Any CPU
		{F49698AA-1C69-4808-BC2E-A8E8037AE34B}.Release|Any CPU.ActiveCfg = Release|Any CPU
		{F49698AA-1C69-4808-BC2E-A8E8037AE34B}.Release|Any CPU.Build.0 = Release|Any CPU
	EndGlobalSection
EndGlobal
